
Microsoft Visual Studio Solution File, Format Version 12.00
# Visual Studio Version 17
VisualStudioVersion = 17.14.36127.28
MinimumVisualStudioVersion = 10.0.40219.1
Project("{2150E333-8FDC-42A3-9474-1A3956D46DE8}") = "src", "src", "{02EA681E-C7D8-13C7-8484-4AC65E1B71E8}"
EndProject
Project("{FAE04EC0-301F-11D3-BF4B-00C04F79EFBC}") = "OpenPDF.UI", "src\OpenPDF.UI\OpenPDF.UI.csproj", "{6B26529B-CAC3-40A7-8F9C-50F53779A3F7}"
EndProject
Project("{FAE04EC0-301F-11D3-BF4B-00C04F79EFBC}") = "OpenPDF.Core", "src\OpenPDF.Core\OpenPDF.Core.csproj", "{38CEB4B3-4E04-470B-B7FB-6E094C3A5961}"
EndProject
Project("{FAE04EC0-301F-11D3-BF4B-00C04F79EFBC}") = "OpenPDF.Services", "src\OpenPDF.Services\OpenPDF.Services.csproj", "{E102F222-E742-40F0-A588-5C923F3A06B8}"
EndProject
Project("{FAE04EC0-301F-11D3-BF4B-00C04F79EFBC}") = "OpenPDF.Models", "src\OpenPDF.Models\OpenPDF.Models.csproj", "{335212F1-E6D6-4AD9-8AE9-A158D7E2916D}"
EndProject
Project("{FAE04EC0-301F-11D3-BF4B-00C04F79EFBC}") = "OpenPDF.Helpers", "src\OpenPDF.Helpers\OpenPDF.Helpers.csproj", "{315734FC-91B0-4AE2-B82B-FBF0B5450CE8}"
EndProject
Global
	GlobalSection(SolutionConfigurationPlatforms) = preSolution
		Debug|Any CPU = Debug|Any CPU
		Release|Any CPU = Release|Any CPU
	EndGlobalSection
	GlobalSection(ProjectConfigurationPlatforms) = postSolution
		{6B26529B-CAC3-40A7-8F9C-50F53779A3F7}.Debug|Any CPU.ActiveCfg = Debug|Any CPU
		{6B26529B-CAC3-40A7-8F9C-50F53779A3F7}.Debug|Any CPU.Build.0 = Debug|Any CPU
		{6B26529B-CAC3-40A7-8F9C-50F53779A3F7}.Release|Any CPU.ActiveCfg = Release|Any CPU
		{6B26529B-CAC3-40A7-8F9C-50F53779A3F7}.Release|Any CPU.Build.0 = Release|Any CPU
		{38CEB4B3-4E04-470B-B7FB-6E094C3A5961}.Debug|Any CPU.ActiveCfg = Debug|Any CPU
		{38CEB4B3-4E04-470B-B7FB-6E094C3A5961}.Debug|Any CPU.Build.0 = Debug|Any CPU
		{38CEB4B3-4E04-470B-B7FB-6E094C3A5961}.Release|Any CPU.ActiveCfg = Release|Any CPU
		{38CEB4B3-4E04-470B-B7FB-6E094C3A5961}.Release|Any CPU.Build.0 = Release|Any CPU
		{E102F222-E742-40F0-A588-5C923F3A06B8}.Debug|Any CPU.ActiveCfg = Debug|Any CPU
		{E102F222-E742-40F0-A588-5C923F3A06B8}.Debug|Any CPU.Build.0 = Debug|Any CPU
		{E102F222-E742-40F0-A588-5C923F3A06B8}.Release|Any CPU.ActiveCfg = Release|Any CPU
		{E102F222-E742-40F0-A588-5C923F3A06B8}.Release|Any CPU.Build.0 = Release|Any CPU
		{335212F1-E6D6-4AD9-8AE9-A158D7E2916D}.Debug|Any CPU.ActiveCfg = Debug|Any CPU
		{335212F1-E6D6-4AD9-8AE9-A158D7E2916D}.Debug|Any CPU.Build.0 = Debug|Any CPU
		{335212F1-E6D6-4AD9-8AE9-A158D7E2916D}.Release|Any CPU.ActiveCfg = Release|Any CPU
		{335212F1-E6D6-4AD9-8AE9-A158D7E2916D}.Release|Any CPU.Build.0 = Release|Any CPU
		{315734FC-91B0-4AE2-B82B-FBF0B5450CE8}.Debug|Any CPU.ActiveCfg = Debug|Any CPU
		{315734FC-91B0-4AE2-B82B-FBF0B5450CE8}.Debug|Any CPU.Build.0 = Debug|Any CPU
		{315734FC-91B0-4AE2-B82B-FBF0B5450CE8}.Release|Any CPU.ActiveCfg = Release|Any CPU
		{315734FC-91B0-4AE2-B82B-FBF0B5450CE8}.Release|Any CPU.Build.0 = Release|Any CPU
	EndGlobalSection
	GlobalSection(SolutionProperties) = preSolution
		HideSolutionNode = FALSE
	EndGlobalSection
	GlobalSection(NestedProjects) = preSolution
		{6B26529B-CAC3-40A7-8F9C-50F53779A3F7} = {02EA681E-C7D8-13C7-8484-4AC65E1B71E8}
		{38CEB4B3-4E04-470B-B7FB-6E094C3A5961} = {02EA681E-C7D8-13C7-8484-4AC65E1B71E8}
		{E102F222-E742-40F0-A588-5C923F3A06B8} = {02EA681E-C7D8-13C7-8484-4AC65E1B71E8}
		{335212F1-E6D6-4AD9-8AE9-A158D7E2916D} = {02EA681E-C7D8-13C7-8484-4AC65E1B71E8}
		{315734FC-91B0-4AE2-B82B-FBF0B5450CE8} = {02EA681E-C7D8-13C7-8484-4AC65E1B71E8}
	EndGlobalSection
	GlobalSection(ExtensibilityGlobals) = postSolution
		SolutionGuid = {97FF78BB-C310-40BA-9DC6-504A1846871A}
	EndGlobalSection
EndGlobal
